
Microsoft Visual Studio Solution File, Format Version 12.00
# Visual Studio Version 17
VisualStudioVersion = 17.0.31903.59
MinimumVisualStudioVersion = 10.0.40219.1
Project("{FAE04EC0-301F-11D3-BF4B-00C04F79EFBC}") = "Week2.Maria.EsercitazioneFinale", "Week2.Maria.EsercitazioneFinale.csproj", "{7BD041E0-F38B-480D-8A99-D553D529D02B}"
EndProject
Global
	GlobalSection(SolutionConfigurationPlatforms) = preSolution
		Debug|Any CPU = Debug|Any CPU
		Release|Any CPU = Release|Any CPU
	EndGlobalSection
	GlobalSection(ProjectConfigurationPlatforms) = postSolution
		{7BD041E0-F38B-480D-8A99-D553D529D02B}.Debug|Any CPU.ActiveCfg = Debug|Any CPU
		{7BD041E0-F38B-480D-8A99-D553D529D02B}.Debug|Any CPU.Build.0 = Debug|Any CPU
		{7BD041E0-F38B-480D-8A99-D553D529D02B}.Release|Any CPU.ActiveCfg = Release|Any CPU
		{7BD041E0-F38B-480D-8A99-D553D529D02B}.Release|Any CPU.Build.0 = Release|Any CPU
	EndGlobalSection
	GlobalSection(SolutionProperties) = preSolution
		HideSolutionNode = FALSE
	EndGlobalSection
	GlobalSection(ExtensibilityGlobals) = postSolution
		SolutionGuid = {73D43EA5-C082-404E-AB35-B7EB7C4DF2C4}
	EndGlobalSection
EndGlobal
